
Microsoft Visual Studio Solution File, Format Version 12.00
# Visual Studio Version 16
VisualStudioVersion = 16.0.31911.196
MinimumVisualStudioVersion = 10.0.40219.1
Project("{8BC9CEB8-8B4A-11D0-8D11-00A0C91BC942}") = "22_PrimeNumber", "22_PrimeNumber.vcxproj", "{D77D83E0-1F0E-42F7-8EB7-9BD572E9A689}"
EndProject
Global
	GlobalSection(SolutionConfigurationPlatforms) = preSolution
		Debug|x64 = Debug|x64
		Debug|x86 = Debug|x86
		Release|x64 = Release|x64
		Release|x86 = Release|x86
	EndGlobalSection
	GlobalSection(ProjectConfigurationPlatforms) = postSolution
		{D77D83E0-1F0E-42F7-8EB7-9BD572E9A689}.Debug|x64.ActiveCfg = Debug|x64
		{D77D83E0-1F0E-42F7-8EB7-9BD572E9A689}.Debug|x64.Build.0 = Debug|x64
		{D77D83E0-1F0E-42F7-8EB7-9BD572E9A689}.Debug|x86.ActiveCfg = Debug|Win32
		{D77D83E0-1F0E-42F7-8EB7-9BD572E9A689}.Debug|x86.Build.0 = Debug|Win32
		{D77D83E0-1F0E-42F7-8EB7-9BD572E9A689}.Release|x64.ActiveCfg = Release|x64
		{D77D83E0-1F0E-42F7-8EB7-9BD572E9A689}.Release|x64.Build.0 = Release|x64
		{D77D83E0-1F0E-42F7-8EB7-9BD572E9A689}.Release|x86.ActiveCfg = Release|Win32
		{D77D83E0-1F0E-42F7-8EB7-9BD572E9A689}.Release|x86.Build.0 = Release|Win32
	EndGlobalSection
	GlobalSection(SolutionProperties) = preSolution
		HideSolutionNode = FALSE
	EndGlobalSection
	GlobalSection(ExtensibilityGlobals) = postSolution
		SolutionGuid = {E787326B-67A9-4F60-8ECC-BC3803C32F64}
	EndGlobalSection
EndGlobal
